
Microsoft Visual Studio Solution File, Format Version 12.00
# Visual Studio Version 16
VisualStudioVersion = 16.0.31829.152
MinimumVisualStudioVersion = 10.0.40219.1
Project("{2150E333-8FDC-42A3-9474-1A3956D46DE8}") = "Services", "Services", "{C65D033F-C7AA-424F-A458-B68EEB9EBB52}"
EndProject
Project("{2150E333-8FDC-42A3-9474-1A3956D46DE8}") = "Catalog", "Catalog", "{23906130-1243-490B-B9A5-470889E1CDCA}"
EndProject
Project("{9A19103F-16F7-4668-BE54-9A1E7A4F7556}") = "FreeCourse.Services.Catalog", "Services\Catalog\FreeCourse.Services.Catalog\FreeCourse.Services.Catalog.csproj", "{AA78549F-9A13-4B9B-BBCE-8E4BF6B8E5E0}"
EndProject
Project("{2150E333-8FDC-42A3-9474-1A3956D46DE8}") = "Solution Items", "Solution Items", "{757AA5C8-47C6-4A24-89BC-9B344A9BD4E6}"
	ProjectSection(SolutionItems) = preProject
		Ports.txt = Ports.txt
	EndProjectSection
EndProject
Project("{2150E333-8FDC-42A3-9474-1A3956D46DE8}") = "Shared", "Shared", "{1F5C6B3F-8165-4267-8644-10EE17F44923}"
EndProject
Project("{9A19103F-16F7-4668-BE54-9A1E7A4F7556}") = "FreeCourse.Shared", "Shared\FreeCourse.Shared\FreeCourse.Shared.csproj", "{91D31C42-7451-4D5B-972C-509D0D7805FD}"
EndProject
Project("{2150E333-8FDC-42A3-9474-1A3956D46DE8}") = "IdentityServer", "IdentityServer", "{A6A6DAD3-0A7F-4A4A-A5A6-EBA736D85A5A}"
EndProject
Project("{9A19103F-16F7-4668-BE54-9A1E7A4F7556}") = "FreeCourse.IdentityServer", "IdentityServer\FreeCourse.IdentityServer\FreeCourse.IdentityServer.csproj", "{3F436FC8-B070-43F5-B995-B880E772AC49}"
EndProject
Global
	GlobalSection(SolutionConfigurationPlatforms) = preSolution
		Debug|Any CPU = Debug|Any CPU
		Release|Any CPU = Release|Any CPU
	EndGlobalSection
	GlobalSection(ProjectConfigurationPlatforms) = postSolution
		{AA78549F-9A13-4B9B-BBCE-8E4BF6B8E5E0}.Debug|Any CPU.ActiveCfg = Debug|Any CPU
		{AA78549F-9A13-4B9B-BBCE-8E4BF6B8E5E0}.Debug|Any CPU.Build.0 = Debug|Any CPU
		{AA78549F-9A13-4B9B-BBCE-8E4BF6B8E5E0}.Release|Any CPU.ActiveCfg = Release|Any CPU
		{AA78549F-9A13-4B9B-BBCE-8E4BF6B8E5E0}.Release|Any CPU.Build.0 = Release|Any CPU
		{91D31C42-7451-4D5B-972C-509D0D7805FD}.Debug|Any CPU.ActiveCfg = Debug|Any CPU
		{91D31C42-7451-4D5B-972C-509D0D7805FD}.Debug|Any CPU.Build.0 = Debug|Any CPU
		{91D31C42-7451-4D5B-972C-509D0D7805FD}.Release|Any CPU.ActiveCfg = Release|Any CPU
		{91D31C42-7451-4D5B-972C-509D0D7805FD}.Release|Any CPU.Build.0 = Release|Any CPU
		{3F436FC8-B070-43F5-B995-B880E772AC49}.Debug|Any CPU.ActiveCfg = Debug|Any CPU
		{3F436FC8-B070-43F5-B995-B880E772AC49}.Debug|Any CPU.Build.0 = Debug|Any CPU
		{3F436FC8-B070-43F5-B995-B880E772AC49}.Release|Any CPU.ActiveCfg = Release|Any CPU
		{3F436FC8-B070-43F5-B995-B880E772AC49}.Release|Any CPU.Build.0 = Release|Any CPU
	EndGlobalSection
	GlobalSection(SolutionProperties) = preSolution
		HideSolutionNode = FALSE
	EndGlobalSection
	GlobalSection(NestedProjects) = preSolution
		{23906130-1243-490B-B9A5-470889E1CDCA} = {C65D033F-C7AA-424F-A458-B68EEB9EBB52}
		{AA78549F-9A13-4B9B-BBCE-8E4BF6B8E5E0} = {23906130-1243-490B-B9A5-470889E1CDCA}
		{91D31C42-7451-4D5B-972C-509D0D7805FD} = {1F5C6B3F-8165-4267-8644-10EE17F44923}
		{3F436FC8-B070-43F5-B995-B880E772AC49} = {A6A6DAD3-0A7F-4A4A-A5A6-EBA736D85A5A}
	EndGlobalSection
	GlobalSection(ExtensibilityGlobals) = postSolution
		SolutionGuid = {3957F8D9-21C8-442D-9BD7-084A372B4955}
	EndGlobalSection
EndGlobal
